// !$*UTF8*$!
{
	archiveVersion = 1;
	classes = {
	};
	objectVersion = 46;
	objects = {

/* Begin PBXBuildFile section */
		2083AB741E97252900AB0B5A /* Main.storyboard in Resources */ = {isa = PBXBuildFile; fileRef = 2083AB721E97252900AB0B5A /* Main.storyboard */; };
		2083AB771E97252A00AB0B5A /* Quiz2TeamD.xcdatamodeld in Sources */ = {isa = PBXBuildFile; fileRef = 2083AB751E97252900AB0B5A /* Quiz2TeamD.xcdatamodeld */; };
		2083AB791E97252A00AB0B5A /* Assets.xcassets in Resources */ = {isa = PBXBuildFile; fileRef = 2083AB781E97252A00AB0B5A /* Assets.xcassets */; };
		2083AB7C1E97252A00AB0B5A /* LaunchScreen.storyboard in Resources */ = {isa = PBXBuildFile; fileRef = 2083AB7A1E97252A00AB0B5A /* LaunchScreen.storyboard */; };
		2083AB8A1E972ED700AB0B5A /* AppDelegate.swift in Sources */ = {isa = PBXBuildFile; fileRef = 2083AB881E972ED700AB0B5A /* AppDelegate.swift */; };
		2083AB901E97304E00AB0B5A /* ArticlesTableViewCell.swift in Sources */ = {isa = PBXBuildFile; fileRef = 2083AB8E1E97304E00AB0B5A /* ArticlesTableViewCell.swift */; };
		2083AB911E97304E00AB0B5A /* ArticlesTableViewCell.xib in Resources */ = {isa = PBXBuildFile; fileRef = 2083AB8F1E97304E00AB0B5A /* ArticlesTableViewCell.xib */; };
		2083AB941E97374500AB0B5A /* Color.swift in Sources */ = {isa = PBXBuildFile; fileRef = 2083AB931E97374500AB0B5A /* Color.swift */; };
		2083AB961E9739EE00AB0B5A /* Info.plist in Resources */ = {isa = PBXBuildFile; fileRef = 2083AB951E9739EE00AB0B5A /* Info.plist */; };
		2083AB981E973D4E00AB0B5A /* MainPageViewController.swift in Sources */ = {isa = PBXBuildFile; fileRef = 2083AB971E973D4E00AB0B5A /* MainPageViewController.swift */; };
		2083AB9A1E97467100AB0B5A /* Article.swift in Sources */ = {isa = PBXBuildFile; fileRef = 2083AB991E97467100AB0B5A /* Article.swift */; };
		2083ABA81E97470B00AB0B5A /* Enlight10.jpg in Resources */ = {isa = PBXBuildFile; fileRef = 2083AB9B1E97470B00AB0B5A /* Enlight10.jpg */; };
		2083ABA91E97470B00AB0B5A /* Enlight14.jpg in Resources */ = {isa = PBXBuildFile; fileRef = 2083AB9C1E97470B00AB0B5A /* Enlight14.jpg */; };
		2083ABAA1E97470B00AB0B5A /* Enlight22 2.jpg in Resources */ = {isa = PBXBuildFile; fileRef = 2083AB9D1E97470B00AB0B5A /* Enlight22 2.jpg */; };
		2083ABAB1E97470B00AB0B5A /* Enlight22.jpg in Resources */ = {isa = PBXBuildFile; fileRef = 2083AB9E1E97470B00AB0B5A /* Enlight22.jpg */; };
		2083ABAC1E97470B00AB0B5A /* Enlight18.jpg in Resources */ = {isa = PBXBuildFile; fileRef = 2083AB9F1E97470B00AB0B5A /* Enlight18.jpg */; };
		2083ABAD1E97470B00AB0B5A /* Enlight15.jpg in Resources */ = {isa = PBXBuildFile; fileRef = 2083ABA01E97470B00AB0B5A /* Enlight15.jpg */; };
		2083ABAE1E97470B00AB0B5A /* Enlight21.jpg in Resources */ = {isa = PBXBuildFile; fileRef = 2083ABA11E97470B00AB0B5A /* Enlight21.jpg */; };
		2083ABAF1E97470B00AB0B5A /* Enlight24.jpg in Resources */ = {isa = PBXBuildFile; fileRef = 2083ABA21E97470B00AB0B5A /* Enlight24.jpg */; };
		2083ABB01E97470B00AB0B5A /* Enlight17.jpg in Resources */ = {isa = PBXBuildFile; fileRef = 2083ABA31E97470B00AB0B5A /* Enlight17.jpg */; };
		2083ABB11E97470B00AB0B5A /* Enlight20.jpg in Resources */ = {isa = PBXBuildFile; fileRef = 2083ABA41E97470B00AB0B5A /* Enlight20.jpg */; };
		2083ABB21E97470B00AB0B5A /* Enlight13.jpg in Resources */ = {isa = PBXBuildFile; fileRef = 2083ABA51E97470B00AB0B5A /* Enlight13.jpg */; };
		2083ABB31E97470B00AB0B5A /* Enlight16.jpg in Resources */ = {isa = PBXBuildFile; fileRef = 2083ABA61E97470B00AB0B5A /* Enlight16.jpg */; };
		2083ABB41E97470B00AB0B5A /* Enlight12.jpg in Resources */ = {isa = PBXBuildFile; fileRef = 2083ABA71E97470B00AB0B5A /* Enlight12.jpg */; };
		2083ABB61E97522C00AB0B5A /* DetailViewController.swift in Sources */ = {isa = PBXBuildFile; fileRef = 2083ABB51E97522C00AB0B5A /* DetailViewController.swift */; };
		2083ABB91E9759F000AB0B5A /* DetailImageTableViewCell.swift in Sources */ = {isa = PBXBuildFile; fileRef = 2083ABB71E9759F000AB0B5A /* DetailImageTableViewCell.swift */; };
		2083ABBA1E9759F000AB0B5A /* DetailImageTableViewCell.xib in Resources */ = {isa = PBXBuildFile; fileRef = 2083ABB81E9759F000AB0B5A /* DetailImageTableViewCell.xib */; };
		2083ABBD1E975DBF00AB0B5A /* TitleTableViewCell.swift in Sources */ = {isa = PBXBuildFile; fileRef = 2083ABBB1E975DBF00AB0B5A /* TitleTableViewCell.swift */; };
		2083ABBE1E975DBF00AB0B5A /* TitleTableViewCell.xib in Resources */ = {isa = PBXBuildFile; fileRef = 2083ABBC1E975DBF00AB0B5A /* TitleTableViewCell.xib */; };
		2083ABC11E975EC300AB0B5A /* TextTableViewCell.swift in Sources */ = {isa = PBXBuildFile; fileRef = 2083ABBF1E975EC300AB0B5A /* TextTableViewCell.swift */; };
		2083ABC21E975EC300AB0B5A /* TextTableViewCell.xib in Resources */ = {isa = PBXBuildFile; fileRef = 2083ABC01E975EC300AB0B5A /* TextTableViewCell.xib */; };
		8F5D4887B91FFD51FD7B1C0D /* Pods_Quiz2TeamD.framework in Frameworks */ = {isa = PBXBuildFile; fileRef = 64303927B612C69A61908846 /* Pods_Quiz2TeamD.framework */; };
/* End PBXBuildFile section */

/* Begin PBXFileReference section */
		2083AB6B1E97252900AB0B5A /* Quiz2TeamD.app */ = {isa = PBXFileReference; explicitFileType = wrapper.application; includeInIndex = 0; path = Quiz2TeamD.app; sourceTree = BUILT_PRODUCTS_DIR; };
		2083AB731E97252900AB0B5A /* Base */ = {isa = PBXFileReference; lastKnownFileType = file.storyboard; name = Base; path = Base.lproj/Main.storyboard; sourceTree = "<group>"; };
		2083AB761E97252900AB0B5A /* Quiz2TeamD.xcdatamodel */ = {isa = PBXFileReference; lastKnownFileType = wrapper.xcdatamodel; path = Quiz2TeamD.xcdatamodel; sourceTree = "<group>"; };
		2083AB781E97252A00AB0B5A /* Assets.xcassets */ = {isa = PBXFileReference; lastKnownFileType = folder.assetcatalog; path = Assets.xcassets; sourceTree = "<group>"; };
		2083AB7B1E97252A00AB0B5A /* Base */ = {isa = PBXFileReference; lastKnownFileType = file.storyboard; name = Base; path = Base.lproj/LaunchScreen.storyboard; sourceTree = "<group>"; };
		2083AB881E972ED700AB0B5A /* AppDelegate.swift */ = {isa = PBXFileReference; fileEncoding = 4; lastKnownFileType = sourcecode.swift; path = AppDelegate.swift; sourceTree = "<group>"; };
		2083AB8E1E97304E00AB0B5A /* ArticlesTableViewCell.swift */ = {isa = PBXFileReference; fileEncoding = 4; lastKnownFileType = sourcecode.swift; path = ArticlesTableViewCell.swift; sourceTree = "<group>"; };
		2083AB8F1E97304E00AB0B5A /* ArticlesTableViewCell.xib */ = {isa = PBXFileReference; fileEncoding = 4; lastKnownFileType = file.xib; path = ArticlesTableViewCell.xib; sourceTree = "<group>"; };
		2083AB931E97374500AB0B5A /* Color.swift */ = {isa = PBXFileReference; fileEncoding = 4; lastKnownFileType = sourcecode.swift; path = Color.swift; sourceTree = "<group>"; };
		2083AB951E9739EE00AB0B5A /* Info.plist */ = {isa = PBXFileReference; fileEncoding = 4; lastKnownFileType = text.plist.xml; path = Info.plist; sourceTree = "<group>"; };
		2083AB971E973D4E00AB0B5A /* MainPageViewController.swift */ = {isa = PBXFileReference; fileEncoding = 4; lastKnownFileType = sourcecode.swift; path = MainPageViewController.swift; sourceTree = "<group>"; };
		2083AB991E97467100AB0B5A /* Article.swift */ = {isa = PBXFileReference; fileEncoding = 4; lastKnownFileType = sourcecode.swift; path = Article.swift; sourceTree = "<group>"; };
		2083AB9B1E97470B00AB0B5A /* Enlight10.jpg */ = {isa = PBXFileReference; lastKnownFileType = image.jpeg; path = Enlight10.jpg; sourceTree = "<group>"; };
		2083AB9C1E97470B00AB0B5A /* Enlight14.jpg */ = {isa = PBXFileReference; lastKnownFileType = image.jpeg; path = Enlight14.jpg; sourceTree = "<group>"; };
		2083AB9D1E97470B00AB0B5A /* Enlight22 2.jpg */ = {isa = PBXFileReference; lastKnownFileType = image.jpeg; path = "Enlight22 2.jpg"; sourceTree = "<group>"; };
		2083AB9E1E97470B00AB0B5A /* Enlight22.jpg */ = {isa = PBXFileReference; lastKnownFileType = image.jpeg; path = Enlight22.jpg; sourceTree = "<group>"; };
		2083AB9F1E97470B00AB0B5A /* Enlight18.jpg */ = {isa = PBXFileReference; lastKnownFileType = image.jpeg; path = Enlight18.jpg; sourceTree = "<group>"; };
		2083ABA01E97470B00AB0B5A /* Enlight15.jpg */ = {isa = PBXFileReference; lastKnownFileType = image.jpeg; path = Enlight15.jpg; sourceTree = "<group>"; };
		2083ABA11E97470B00AB0B5A /* Enlight21.jpg */ = {isa = PBXFileReference; lastKnownFileType = image.jpeg; path = Enlight21.jpg; sourceTree = "<group>"; };
		2083ABA21E97470B00AB0B5A /* Enlight24.jpg */ = {isa = PBXFileReference; lastKnownFileType = image.jpeg; path = Enlight24.jpg; sourceTree = "<group>"; };
		2083ABA31E97470B00AB0B5A /* Enlight17.jpg */ = {isa = PBXFileReference; lastKnownFileType = image.jpeg; path = Enlight17.jpg; sourceTree = "<group>"; };
		2083ABA41E97470B00AB0B5A /* Enlight20.jpg */ = {isa = PBXFileReference; lastKnownFileType = image.jpeg; path = Enlight20.jpg; sourceTree = "<group>"; };
		2083ABA51E97470B00AB0B5A /* Enlight13.jpg */ = {isa = PBXFileReference; lastKnownFileType = image.jpeg; path = Enlight13.jpg; sourceTree = "<group>"; };
		2083ABA61E97470B00AB0B5A /* Enlight16.jpg */ = {isa = PBXFileReference; lastKnownFileType = image.jpeg; path = Enlight16.jpg; sourceTree = "<group>"; };
		2083ABA71E97470B00AB0B5A /* Enlight12.jpg */ = {isa = PBXFileReference; lastKnownFileType = image.jpeg; path = Enlight12.jpg; sourceTree = "<group>"; };
		2083ABB51E97522C00AB0B5A /* DetailViewController.swift */ = {isa = PBXFileReference; fileEncoding = 4; lastKnownFileType = sourcecode.swift; path = DetailViewController.swift; sourceTree = "<group>"; };
		2083ABB71E9759F000AB0B5A /* DetailImageTableViewCell.swift */ = {isa = PBXFileReference; fileEncoding = 4; lastKnownFileType = sourcecode.swift; path = DetailImageTableViewCell.swift; sourceTree = "<group>"; };
		2083ABB81E9759F000AB0B5A /* DetailImageTableViewCell.xib */ = {isa = PBXFileReference; fileEncoding = 4; lastKnownFileType = file.xib; path = DetailImageTableViewCell.xib; sourceTree = "<group>"; };
		2083ABBB1E975DBF00AB0B5A /* TitleTableViewCell.swift */ = {isa = PBXFileReference; fileEncoding = 4; lastKnownFileType = sourcecode.swift; path = TitleTableViewCell.swift; sourceTree = "<group>"; };
		2083ABBC1E975DBF00AB0B5A /* TitleTableViewCell.xib */ = {isa = PBXFileReference; fileEncoding = 4; lastKnownFileType = file.xib; path = TitleTableViewCell.xib; sourceTree = "<group>"; };
		2083ABBF1E975EC300AB0B5A /* TextTableViewCell.swift */ = {isa = PBXFileReference; fileEncoding = 4; lastKnownFileType = sourcecode.swift; path = TextTableViewCell.swift; sourceTree = "<group>"; };
		2083ABC01E975EC300AB0B5A /* TextTableViewCell.xib */ = {isa = PBXFileReference; fileEncoding = 4; lastKnownFileType = file.xib; path = TextTableViewCell.xib; sourceTree = "<group>"; };
		3222BE0CDC6138133CFAF572 /* Pods-Quiz2TeamD.debug.xcconfig */ = {isa = PBXFileReference; includeInIndex = 1; lastKnownFileType = text.xcconfig; name = "Pods-Quiz2TeamD.debug.xcconfig"; path = "Pods/Target Support Files/Pods-Quiz2TeamD/Pods-Quiz2TeamD.debug.xcconfig"; sourceTree = "<group>"; };
		64303927B612C69A61908846 /* Pods_Quiz2TeamD.framework */ = {isa = PBXFileReference; explicitFileType = wrapper.framework; includeInIndex = 0; path = Pods_Quiz2TeamD.framework; sourceTree = BUILT_PRODUCTS_DIR; };
		79D53B59B40050D5FD821FA9 /* Pods-Quiz2TeamD.release.xcconfig */ = {isa = PBXFileReference; includeInIndex = 1; lastKnownFileType = text.xcconfig; name = "Pods-Quiz2TeamD.release.xcconfig"; path = "Pods/Target Support Files/Pods-Quiz2TeamD/Pods-Quiz2TeamD.release.xcconfig"; sourceTree = "<group>"; };
/* End PBXFileReference section */

/* Begin PBXFrameworksBuildPhase section */
		2083AB681E97252900AB0B5A /* Frameworks */ = {
			isa = PBXFrameworksBuildPhase;
			buildActionMask = 2147483647;
			files = (
				8F5D4887B91FFD51FD7B1C0D /* Pods_Quiz2TeamD.framework in Frameworks */,
			);
			runOnlyForDeploymentPostprocessing = 0;
		};
/* End PBXFrameworksBuildPhase section */

/* Begin PBXGroup section */
		2083AB621E97252900AB0B5A = {
			isa = PBXGroup;
			children = (
				2083AB6D1E97252900AB0B5A /* Quiz2TeamD */,
				2083AB6C1E97252900AB0B5A /* Products */,
				51E1D4424A355E32A29C2557 /* Pods */,
				F270ADF942D172549F85CC00 /* Frameworks */,
			);
			sourceTree = "<group>";
		};
		2083AB6C1E97252900AB0B5A /* Products */ = {
			isa = PBXGroup;
			children = (
				2083AB6B1E97252900AB0B5A /* Quiz2TeamD.app */,
			);
			name = Products;
			sourceTree = "<group>";
		};
		2083AB6D1E97252900AB0B5A /* Quiz2TeamD */ = {
			isa = PBXGroup;
			children = (
				2083AB871E972ED700AB0B5A /* System */,
				2083AB841E972EA700AB0B5A /* Modal */,
				2083AB851E972EA700AB0B5A /* View */,
				2083AB861E972EA700AB0B5A /* ViewController */,
				2083AB921E97373400AB0B5A /* Constant */,
				2083AB721E97252900AB0B5A /* Main.storyboard */,
				2083AB781E97252A00AB0B5A /* Assets.xcassets */,
				2083AB7A1E97252A00AB0B5A /* LaunchScreen.storyboard */,
				2083AB751E97252900AB0B5A /* Quiz2TeamD.xcdatamodeld */,
				2083AB951E9739EE00AB0B5A /* Info.plist */,
				2083AB9B1E97470B00AB0B5A /* Enlight10.jpg */,
				2083AB9C1E97470B00AB0B5A /* Enlight14.jpg */,
				2083AB9D1E97470B00AB0B5A /* Enlight22 2.jpg */,
				2083AB9E1E97470B00AB0B5A /* Enlight22.jpg */,
				2083AB9F1E97470B00AB0B5A /* Enlight18.jpg */,
				2083ABA01E97470B00AB0B5A /* Enlight15.jpg */,
				2083ABA11E97470B00AB0B5A /* Enlight21.jpg */,
				2083ABA21E97470B00AB0B5A /* Enlight24.jpg */,
				2083ABA31E97470B00AB0B5A /* Enlight17.jpg */,
				2083ABA41E97470B00AB0B5A /* Enlight20.jpg */,
				2083ABA51E97470B00AB0B5A /* Enlight13.jpg */,
				2083ABA61E97470B00AB0B5A /* Enlight16.jpg */,
				2083ABA71E97470B00AB0B5A /* Enlight12.jpg */,
			);
			path = Quiz2TeamD;
			sourceTree = "<group>";
		};
		2083AB841E972EA700AB0B5A /* Modal */ = {
			isa = PBXGroup;
			children = (
				2083AB991E97467100AB0B5A /* Article.swift */,
			);
			path = Modal;
			sourceTree = "<group>";
		};
		2083AB851E972EA700AB0B5A /* View */ = {
			isa = PBXGroup;
			children = (
				2083AB8E1E97304E00AB0B5A /* ArticlesTableViewCell.swift */,
				2083AB8F1E97304E00AB0B5A /* ArticlesTableViewCell.xib */,
				2083ABB71E9759F000AB0B5A /* DetailImageTableViewCell.swift */,
				2083ABB81E9759F000AB0B5A /* DetailImageTableViewCell.xib */,
				2083ABBB1E975DBF00AB0B5A /* TitleTableViewCell.swift */,
				2083ABBC1E975DBF00AB0B5A /* TitleTableViewCell.xib */,
				2083ABBF1E975EC300AB0B5A /* TextTableViewCell.swift */,
				2083ABC01E975EC300AB0B5A /* TextTableViewCell.xib */,
			);
			path = View;
			sourceTree = "<group>";
		};
		2083AB861E972EA700AB0B5A /* ViewController */ = {
			isa = PBXGroup;
			children = (
				2083AB971E973D4E00AB0B5A /* MainPageViewController.swift */,
				2083ABB51E97522C00AB0B5A /* DetailViewController.swift */,
			);
			path = ViewController;
			sourceTree = "<group>";
		};
		2083AB871E972ED700AB0B5A /* System */ = {
			isa = PBXGroup;
			children = (
				2083AB881E972ED700AB0B5A /* AppDelegate.swift */,
			);
			path = System;
			sourceTree = "<group>";
		};
		2083AB921E97373400AB0B5A /* Constant */ = {
			isa = PBXGroup;
			children = (
				2083AB931E97374500AB0B5A /* Color.swift */,
			);
			path = Constant;
			sourceTree = "<group>";
		};
		51E1D4424A355E32A29C2557 /* Pods */ = {
			isa = PBXGroup;
			children = (
				3222BE0CDC6138133CFAF572 /* Pods-Quiz2TeamD.debug.xcconfig */,
				79D53B59B40050D5FD821FA9 /* Pods-Quiz2TeamD.release.xcconfig */,
			);
			name = Pods;
			sourceTree = "<group>";
		};
		F270ADF942D172549F85CC00 /* Frameworks */ = {
			isa = PBXGroup;
			children = (
				64303927B612C69A61908846 /* Pods_Quiz2TeamD.framework */,
			);
			name = Frameworks;
			sourceTree = "<group>";
		};
/* End PBXGroup section */

/* Begin PBXNativeTarget section */
		2083AB6A1E97252900AB0B5A /* Quiz2TeamD */ = {
			isa = PBXNativeTarget;
			buildConfigurationList = 2083AB801E97252A00AB0B5A /* Build configuration list for PBXNativeTarget "Quiz2TeamD" */;
			buildPhases = (
				B0FF4A517F60BB3B3169A74B /* [CP] Check Pods Manifest.lock */,
				2083AB671E97252900AB0B5A /* Sources */,
				2083AB681E97252900AB0B5A /* Frameworks */,
				2083AB691E97252900AB0B5A /* Resources */,
				2083AB831E972B2F00AB0B5A /* Run Swiftlint */,
				C798CFAD8C4AA9488ECCB789 /* [CP] Embed Pods Frameworks */,
				68A3F9AC53FD1399155B50C0 /* [CP] Copy Pods Resources */,
			);
			buildRules = (
			);
			dependencies = (
			);
			name = Quiz2TeamD;
			productName = Quiz2TeamD;
			productReference = 2083AB6B1E97252900AB0B5A /* Quiz2TeamD.app */;
			productType = "com.apple.product-type.application";
		};
/* End PBXNativeTarget section */

/* Begin PBXProject section */
		2083AB631E97252900AB0B5A /* Project object */ = {
			isa = PBXProject;
			attributes = {
				LastSwiftUpdateCheck = 0830;
				LastUpgradeCheck = 0830;
				ORGANIZATIONNAME = "劉仲軒";
				TargetAttributes = {
					2083AB6A1E97252900AB0B5A = {
						CreatedOnToolsVersion = 8.3;
						DevelopmentTeam = U9WVFKNWBQ;
						ProvisioningStyle = Automatic;
					};
				};
			};
			buildConfigurationList = 2083AB661E97252900AB0B5A /* Build configuration list for PBXProject "Quiz2TeamD" */;
			compatibilityVersion = "Xcode 3.2";
			developmentRegion = English;
			hasScannedForEncodings = 0;
			knownRegions = (
				en,
				Base,
			);
			mainGroup = 2083AB621E97252900AB0B5A;
			productRefGroup = 2083AB6C1E97252900AB0B5A /* Products */;
			projectDirPath = "";
			projectRoot = "";
			targets = (
				2083AB6A1E97252900AB0B5A /* Quiz2TeamD */,
			);
		};
/* End PBXProject section */

/* Begin PBXResourcesBuildPhase section */
		2083AB691E97252900AB0B5A /* Resources */ = {
			isa = PBXResourcesBuildPhase;
			buildActionMask = 2147483647;
			files = (
				2083ABBE1E975DBF00AB0B5A /* TitleTableViewCell.xib in Resources */,
				2083AB911E97304E00AB0B5A /* ArticlesTableViewCell.xib in Resources */,
				2083ABC21E975EC300AB0B5A /* TextTableViewCell.xib in Resources */,
				2083AB7C1E97252A00AB0B5A /* LaunchScreen.storyboard in Resources */,
				2083ABB41E97470B00AB0B5A /* Enlight12.jpg in Resources */,
				2083ABAE1E97470B00AB0B5A /* Enlight21.jpg in Resources */,
				2083ABB01E97470B00AB0B5A /* Enlight17.jpg in Resources */,
				2083ABAB1E97470B00AB0B5A /* Enlight22.jpg in Resources */,
				2083ABB11E97470B00AB0B5A /* Enlight20.jpg in Resources */,
				2083ABB31E97470B00AB0B5A /* Enlight16.jpg in Resources */,
				2083ABA81E97470B00AB0B5A /* Enlight10.jpg in Resources */,
				2083ABAC1E97470B00AB0B5A /* Enlight18.jpg in Resources */,
				2083ABAF1E97470B00AB0B5A /* Enlight24.jpg in Resources */,
				2083AB791E97252A00AB0B5A /* Assets.xcassets in Resources */,
				2083ABBA1E9759F000AB0B5A /* DetailImageTableViewCell.xib in Resources */,
				2083AB961E9739EE00AB0B5A /* Info.plist in Resources */,
				2083ABB21E97470B00AB0B5A /* Enlight13.jpg in Resources */,
				2083ABAD1E97470B00AB0B5A /* Enlight15.jpg in Resources */,
				2083AB741E97252900AB0B5A /* Main.storyboard in Resources */,
				2083ABA91E97470B00AB0B5A /* Enlight14.jpg in Resources */,
				2083ABAA1E97470B00AB0B5A /* Enlight22 2.jpg in Resources */,
			);
			runOnlyForDeploymentPostprocessing = 0;
		};
/* End PBXResourcesBuildPhase section */

/* Begin PBXShellScriptBuildPhase section */
		2083AB831E972B2F00AB0B5A /* Run Swiftlint */ = {
			isa = PBXShellScriptBuildPhase;
			buildActionMask = 2147483647;
			files = (
			);
			inputPaths = (
			);
			name = "Run Swiftlint";
			outputPaths = (
			);
			runOnlyForDeploymentPostprocessing = 0;
			shellPath = /bin/sh;
			shellScript = "if which swiftlint >/dev/null; then\n    swiftlint\nelse\n    echo \"warning: SwiftLint not installed, download from https://github.com/realm/SwiftLint\"\nfi";
		};
		68A3F9AC53FD1399155B50C0 /* [CP] Copy Pods Resources */ = {
			isa = PBXShellScriptBuildPhase;
			buildActionMask = 2147483647;
			files = (
			);
			inputPaths = (
			);
			name = "[CP] Copy Pods Resources";
			outputPaths = (
			);
			runOnlyForDeploymentPostprocessing = 0;
			shellPath = /bin/sh;
			shellScript = "\"${SRCROOT}/Pods/Target Support Files/Pods-Quiz2TeamD/Pods-Quiz2TeamD-resources.sh\"\n";
			showEnvVarsInLog = 0;
		};
		B0FF4A517F60BB3B3169A74B /* [CP] Check Pods Manifest.lock */ = {
			isa = PBXShellScriptBuildPhase;
			buildActionMask = 2147483647;
			files = (
			);
			inputPaths = (
			);
			name = "[CP] Check Pods Manifest.lock";
			outputPaths = (
			);
			runOnlyForDeploymentPostprocessing = 0;
			shellPath = /bin/sh;
			shellScript = "diff \"${PODS_PODFILE_DIR_PATH}/Podfile.lock\" \"${PODS_ROOT}/Manifest.lock\" > /dev/null\nif [ $? != 0 ] ; then\n    # print error to STDERR\n    echo \"error: The sandbox is not in sync with the Podfile.lock. Run 'pod install' or update your CocoaPods installation.\" >&2\n    exit 1\nfi\n";
			showEnvVarsInLog = 0;
		};
		C798CFAD8C4AA9488ECCB789 /* [CP] Embed Pods Frameworks */ = {
			isa = PBXShellScriptBuildPhase;
			buildActionMask = 2147483647;
			files = (
			);
			inputPaths = (
			);
			name = "[CP] Embed Pods Frameworks";
			outputPaths = (
			);
			runOnlyForDeploymentPostprocessing = 0;
			shellPath = /bin/sh;
			shellScript = "\"${SRCROOT}/Pods/Target Support Files/Pods-Quiz2TeamD/Pods-Quiz2TeamD-frameworks.sh\"\n";
			showEnvVarsInLog = 0;
		};
/* End PBXShellScriptBuildPhase section */

/* Begin PBXSourcesBuildPhase section */
		2083AB671E97252900AB0B5A /* Sources */ = {
			isa = PBXSourcesBuildPhase;
			buildActionMask = 2147483647;
			files = (
				2083AB981E973D4E00AB0B5A /* MainPageViewController.swift in Sources */,
				2083AB901E97304E00AB0B5A /* ArticlesTableViewCell.swift in Sources */,
				2083ABB91E9759F000AB0B5A /* DetailImageTableViewCell.swift in Sources */,
				2083AB9A1E97467100AB0B5A /* Article.swift in Sources */,
				2083ABC11E975EC300AB0B5A /* TextTableViewCell.swift in Sources */,
				2083AB8A1E972ED700AB0B5A /* AppDelegate.swift in Sources */,
				2083AB941E97374500AB0B5A /* Color.swift in Sources */,
				2083AB771E97252A00AB0B5A /* Quiz2TeamD.xcdatamodeld in Sources */,
				2083ABBD1E975DBF00AB0B5A /* TitleTableViewCell.swift in Sources */,
				2083ABB61E97522C00AB0B5A /* DetailViewController.swift in Sources */,
			);
			runOnlyForDeploymentPostprocessing = 0;
		};
/* End PBXSourcesBuildPhase section */

/* Begin PBXVariantGroup section */
		2083AB721E97252900AB0B5A /* Main.storyboard */ = {
			isa = PBXVariantGroup;
			children = (
				2083AB731E97252900AB0B5A /* Base */,
			);
			name = Main.storyboard;
			sourceTree = "<group>";
		};
		2083AB7A1E97252A00AB0B5A /* LaunchScreen.storyboard */ = {
			isa = PBXVariantGroup;
			children = (
				2083AB7B1E97252A00AB0B5A /* Base */,
			);
			name = LaunchScreen.storyboard;
			sourceTree = "<group>";
		};
/* End PBXVariantGroup section */

/* Begin XCBuildConfiguration section */
		2083AB7E1E97252A00AB0B5A /* Debug */ = {
			isa = XCBuildConfiguration;
			buildSettings = {
				ALWAYS_SEARCH_USER_PATHS = NO;
				CLANG_ANALYZER_NONNULL = YES;
				CLANG_ANALYZER_NUMBER_OBJECT_CONVERSION = YES_AGGRESSIVE;
				CLANG_CXX_LANGUAGE_STANDARD = "gnu++0x";
				CLANG_CXX_LIBRARY = "libc++";
				CLANG_ENABLE_MODULES = YES;
				CLANG_ENABLE_OBJC_ARC = YES;
				CLANG_WARN_BOOL_CONVERSION = YES;
				CLANG_WARN_CONSTANT_CONVERSION = YES;
				CLANG_WARN_DIRECT_OBJC_ISA_USAGE = YES_ERROR;
				CLANG_WARN_DOCUMENTATION_COMMENTS = YES;
				CLANG_WARN_EMPTY_BODY = YES;
				CLANG_WARN_ENUM_CONVERSION = YES;
				CLANG_WARN_INFINITE_RECURSION = YES;
				CLANG_WARN_INT_CONVERSION = YES;
				CLANG_WARN_OBJC_ROOT_CLASS = YES_ERROR;
				CLANG_WARN_SUSPICIOUS_MOVE = YES;
				CLANG_WARN_UNREACHABLE_CODE = YES;
				CLANG_WARN__DUPLICATE_METHOD_MATCH = YES;
				"CODE_SIGN_IDENTITY[sdk=iphoneos*]" = "iPhone Developer";
				COPY_PHASE_STRIP = NO;
				DEBUG_INFORMATION_FORMAT = dwarf;
				ENABLE_STRICT_OBJC_MSGSEND = YES;
				ENABLE_TESTABILITY = YES;
				GCC_C_LANGUAGE_STANDARD = gnu99;
				GCC_DYNAMIC_NO_PIC = NO;
				GCC_NO_COMMON_BLOCKS = YES;
				GCC_OPTIMIZATION_LEVEL = 0;
				GCC_PREPROCESSOR_DEFINITIONS = (
					"DEBUG=1",
					"$(inherited)",
				);
				GCC_WARN_64_TO_32_BIT_CONVERSION = YES;
				GCC_WARN_ABOUT_RETURN_TYPE = YES_ERROR;
				GCC_WARN_UNDECLARED_SELECTOR = YES;
				GCC_WARN_UNINITIALIZED_AUTOS = YES_AGGRESSIVE;
				GCC_WARN_UNUSED_FUNCTION = YES;
				GCC_WARN_UNUSED_VARIABLE = YES;
				IPHONEOS_DEPLOYMENT_TARGET = 10.3;
				MTL_ENABLE_DEBUG_INFO = YES;
				ONLY_ACTIVE_ARCH = YES;
				SDKROOT = iphoneos;
				SWIFT_ACTIVE_COMPILATION_CONDITIONS = DEBUG;
				SWIFT_OPTIMIZATION_LEVEL = "-Onone";
				TARGETED_DEVICE_FAMILY = "1,2";
			};
			name = Debug;
		};
		2083AB7F1E97252A00AB0B5A /* Release */ = {
			isa = XCBuildConfiguration;
			buildSettings = {
				ALWAYS_SEARCH_USER_PATHS = NO;
				CLANG_ANALYZER_NONNULL = YES;
				CLANG_ANALYZER_NUMBER_OBJECT_CONVERSION = YES_AGGRESSIVE;
				CLANG_CXX_LANGUAGE_STANDARD = "gnu++0x";
				CLANG_CXX_LIBRARY = "libc++";
				CLANG_ENABLE_MODULES = YES;
				CLANG_ENABLE_OBJC_ARC = YES;
				CLANG_WARN_BOOL_CONVERSION = YES;
				CLANG_WARN_CONSTANT_CONVERSION = YES;
				CLANG_WARN_DIRECT_OBJC_ISA_USAGE = YES_ERROR;
				CLANG_WARN_DOCUMENTATION_COMMENTS = YES;
				CLANG_WARN_EMPTY_BODY = YES;
				CLANG_WARN_ENUM_CONVERSION = YES;
				CLANG_WARN_INFINITE_RECURSION = YES;
				CLANG_WARN_INT_CONVERSION = YES;
				CLANG_WARN_OBJC_ROOT_CLASS = YES_ERROR;
				CLANG_WARN_SUSPICIOUS_MOVE = YES;
				CLANG_WARN_UNREACHABLE_CODE = YES;
				CLANG_WARN__DUPLICATE_METHOD_MATCH = YES;
				"CODE_SIGN_IDENTITY[sdk=iphoneos*]" = "iPhone Developer";
				COPY_PHASE_STRIP = NO;
				DEBUG_INFORMATION_FORMAT = "dwarf-with-dsym";
				ENABLE_NS_ASSERTIONS = NO;
				ENABLE_STRICT_OBJC_MSGSEND = YES;
				GCC_C_LANGUAGE_STANDARD = gnu99;
				GCC_NO_COMMON_BLOCKS = YES;
				GCC_WARN_64_TO_32_BIT_CONVERSION = YES;
				GCC_WARN_ABOUT_RETURN_TYPE = YES_ERROR;
				GCC_WARN_UNDECLARED_SELECTOR = YES;
				GCC_WARN_UNINITIALIZED_AUTOS = YES_AGGRESSIVE;
				GCC_WARN_UNUSED_FUNCTION = YES;
				GCC_WARN_UNUSED_VARIABLE = YES;
				IPHONEOS_DEPLOYMENT_TARGET = 10.3;
				MTL_ENABLE_DEBUG_INFO = NO;
				SDKROOT = iphoneos;
				SWIFT_OPTIMIZATION_LEVEL = "-Owholemodule";
				TARGETED_DEVICE_FAMILY = "1,2";
				VALIDATE_PRODUCT = YES;
			};
			name = Release;
		};
		2083AB811E97252A00AB0B5A /* Debug */ = {
			isa = XCBuildConfiguration;
			baseConfigurationReference = 3222BE0CDC6138133CFAF572 /* Pods-Quiz2TeamD.debug.xcconfig */;
			buildSettings = {
				ASSETCATALOG_COMPILER_APPICON_NAME = AppIcon;
				DEVELOPMENT_TEAM = U9WVFKNWBQ;
				INFOPLIST_FILE = Quiz2TeamD/Info.plist;
				LD_RUNPATH_SEARCH_PATHS = "$(inherited) @executable_path/Frameworks";
				PRODUCT_BUNDLE_IDENTIFIER = com.turtlexuan.Quiz2TeamD;
				PRODUCT_NAME = "$(TARGET_NAME)";
				SWIFT_VERSION = 3.0;
			};
			name = Debug;
		};
		2083AB821E97252A00AB0B5A /* Release */ = {
			isa = XCBuildConfiguration;
			baseConfigurationReference = 79D53B59B40050D5FD821FA9 /* Pods-Quiz2TeamD.release.xcconfig */;
			buildSettings = {
				ASSETCATALOG_COMPILER_APPICON_NAME = AppIcon;
				DEVELOPMENT_TEAM = U9WVFKNWBQ;
				INFOPLIST_FILE = Quiz2TeamD/Info.plist;
				LD_RUNPATH_SEARCH_PATHS = "$(inherited) @executable_path/Frameworks";
				PRODUCT_BUNDLE_IDENTIFIER = com.turtlexuan.Quiz2TeamD;
				PRODUCT_NAME = "$(TARGET_NAME)";
				SWIFT_VERSION = 3.0;
			};
			name = Release;
		};
/* End XCBuildConfiguration section */

/* Begin XCConfigurationList section */
		2083AB661E97252900AB0B5A /* Build configuration list for PBXProject "Quiz2TeamD" */ = {
			isa = XCConfigurationList;
			buildConfigurations = (
				2083AB7E1E97252A00AB0B5A /* Debug */,
				2083AB7F1E97252A00AB0B5A /* Release */,
			);
			defaultConfigurationIsVisible = 0;
			defaultConfigurationName = Release;
		};
		2083AB801E97252A00AB0B5A /* Build configuration list for PBXNativeTarget "Quiz2TeamD" */ = {
			isa = XCConfigurationList;
			buildConfigurations = (
				2083AB811E97252A00AB0B5A /* Debug */,
				2083AB821E97252A00AB0B5A /* Release */,
			);
			defaultConfigurationIsVisible = 0;
			defaultConfigurationName = Release;
		};
/* End XCConfigurationList section */

/* Begin XCVersionGroup section */
		2083AB751E97252900AB0B5A /* Quiz2TeamD.xcdatamodeld */ = {
			isa = XCVersionGroup;
			children = (
				2083AB761E97252900AB0B5A /* Quiz2TeamD.xcdatamodel */,
			);
			currentVersion = 2083AB761E97252900AB0B5A /* Quiz2TeamD.xcdatamodel */;
			path = Quiz2TeamD.xcdatamodeld;
			sourceTree = "<group>";
			versionGroupType = wrapper.xcdatamodel;
		};
/* End XCVersionGroup section */
	};
	rootObject = 2083AB631E97252900AB0B5A /* Project object */;
}
